
Microsoft Visual Studio Solution File, Format Version 12.00
# Visual Studio 15
VisualStudioVersion = 15.0.26730.12
MinimumVisualStudioVersion = 10.0.40219.1
Project("{FAE04EC0-301F-11D3-BF4B-00C04F79EFBC}") = "Exercicio4", "Exercicio4\Exercicio4.csproj", "{EA9441AA-64A1-477F-9E11-664C42C3B81B}"
EndProject
Global
	GlobalSection(SolutionConfigurationPlatforms) = preSolution
		Debug|Any CPU = Debug|Any CPU
		Release|Any CPU = Release|Any CPU
	EndGlobalSection
	GlobalSection(ProjectConfigurationPlatforms) = postSolution
		{EA9441AA-64A1-477F-9E11-664C42C3B81B}.Debug|Any CPU.ActiveCfg = Debug|Any CPU
		{EA9441AA-64A1-477F-9E11-664C42C3B81B}.Debug|Any CPU.Build.0 = Debug|Any CPU
		{EA9441AA-64A1-477F-9E11-664C42C3B81B}.Release|Any CPU.ActiveCfg = Release|Any CPU
		{EA9441AA-64A1-477F-9E11-664C42C3B81B}.Release|Any CPU.Build.0 = Release|Any CPU
	EndGlobalSection
	GlobalSection(SolutionProperties) = preSolution
		HideSolutionNode = FALSE
	EndGlobalSection
	GlobalSection(ExtensibilityGlobals) = postSolution
		SolutionGuid = {DF535CD4-B442-4EFE-9848-7604A266858A}
	EndGlobalSection
EndGlobal
